
Microsoft Visual Studio Solution File, Format Version 12.00
# Visual Studio 15
Project("{FAE04EC0-301F-11D3-BF4B-00C04F79EFBC}") = "Assembly-CSharp", "Assembly-CSharp.csproj", "{DE9CB165-6B43-F063-0AAF-D6177C1C9FEC}"
EndProject
Project("{FAE04EC0-301F-11D3-BF4B-00C04F79EFBC}") = "Assembly-CSharp-Editor", "Assembly-CSharp-Editor.csproj", "{568A4512-3857-1AEE-DD19-DA122DDB9E27}"
EndProject
Global
	GlobalSection(SolutionConfigurationPlatforms) = preSolution
		Debug|Any CPU = Debug|Any CPU
		Release|Any CPU = Release|Any CPU
	EndGlobalSection
	GlobalSection(ProjectConfigurationPlatforms) = postSolution
		{DE9CB165-6B43-F063-0AAF-D6177C1C9FEC}.Debug|Any CPU.ActiveCfg = Debug|Any CPU
		{DE9CB165-6B43-F063-0AAF-D6177C1C9FEC}.Debug|Any CPU.Build.0 = Debug|Any CPU
		{DE9CB165-6B43-F063-0AAF-D6177C1C9FEC}.Release|Any CPU.ActiveCfg = Release|Any CPU
		{DE9CB165-6B43-F063-0AAF-D6177C1C9FEC}.Release|Any CPU.Build.0 = Release|Any CPU
		{568A4512-3857-1AEE-DD19-DA122DDB9E27}.Debug|Any CPU.ActiveCfg = Debug|Any CPU
		{568A4512-3857-1AEE-DD19-DA122DDB9E27}.Debug|Any CPU.Build.0 = Debug|Any CPU
		{568A4512-3857-1AEE-DD19-DA122DDB9E27}.Release|Any CPU.ActiveCfg = Release|Any CPU
		{568A4512-3857-1AEE-DD19-DA122DDB9E27}.Release|Any CPU.Build.0 = Release|Any CPU
	EndGlobalSection
	GlobalSection(SolutionProperties) = preSolution
		HideSolutionNode = FALSE
	EndGlobalSection
EndGlobal
